// !$*UTF8*$!
{
	archiveVersion = 1;
	classes = {
	};
	objectVersion = 56;
	objects = {

/* Begin PBXBuildFile section */
		C3C947FF292919DE007084FB /* AppDelegate.swift in Sources */ = {isa = PBXBuildFile; fileRef = C3C947FE292919DE007084FB /* AppDelegate.swift */; };
		C3C94801292919DE007084FB /* SceneDelegate.swift in Sources */ = {isa = PBXBuildFile; fileRef = C3C94800292919DE007084FB /* SceneDelegate.swift */; };
		C3C94808292919DF007084FB /* Assets.xcassets in Resources */ = {isa = PBXBuildFile; fileRef = C3C94807292919DF007084FB /* Assets.xcassets */; };
		C3C9480B292919DF007084FB /* LaunchScreen.storyboard in Resources */ = {isa = PBXBuildFile; fileRef = C3C94809292919DF007084FB /* LaunchScreen.storyboard */; };
		C3C94816292919DF007084FB /* Spotify_ReplicaTests.swift in Sources */ = {isa = PBXBuildFile; fileRef = C3C94815292919DF007084FB /* Spotify_ReplicaTests.swift */; };
		C3C94820292919DF007084FB /* Spotify_ReplicaUITests.swift in Sources */ = {isa = PBXBuildFile; fileRef = C3C9481F292919DF007084FB /* Spotify_ReplicaUITests.swift */; };
		C3C94822292919DF007084FB /* Spotify_ReplicaUITestsLaunchTests.swift in Sources */ = {isa = PBXBuildFile; fileRef = C3C94821292919DF007084FB /* Spotify_ReplicaUITestsLaunchTests.swift */; };
		C3C9483229291A90007084FB /* GetStartedVC.swift in Sources */ = {isa = PBXBuildFile; fileRef = C3C9483129291A90007084FB /* GetStartedVC.swift */; };
		C3C9483429291AD5007084FB /* AppImages.swift in Sources */ = {isa = PBXBuildFile; fileRef = C3C9483329291AD5007084FB /* AppImages.swift */; };
		C3C9483729291CB7007084FB /* SpotifyButton.swift in Sources */ = {isa = PBXBuildFile; fileRef = C3C9483629291CB7007084FB /* SpotifyButton.swift */; };
		C3C9483929291D4C007084FB /* AppColor.swift in Sources */ = {isa = PBXBuildFile; fileRef = C3C9483829291D4C007084FB /* AppColor.swift */; };
		C3C9483C29294777007084FB /* Extension+UIView.swift in Sources */ = {isa = PBXBuildFile; fileRef = C3C9483B29294777007084FB /* Extension+UIView.swift */; };
		C3C9483E29294C25007084FB /* ChooseModeVC.swift in Sources */ = {isa = PBXBuildFile; fileRef = C3C9483D29294C25007084FB /* ChooseModeVC.swift */; };
/* End PBXBuildFile section */

/* Begin PBXContainerItemProxy section */
		C3C94812292919DF007084FB /* PBXContainerItemProxy */ = {
			isa = PBXContainerItemProxy;
			containerPortal = C3C947F3292919DE007084FB /* Project object */;
			proxyType = 1;
			remoteGlobalIDString = C3C947FA292919DE007084FB;
			remoteInfo = "Spotify-Replica";
		};
		C3C9481C292919DF007084FB /* PBXContainerItemProxy */ = {
			isa = PBXContainerItemProxy;
			containerPortal = C3C947F3292919DE007084FB /* Project object */;
			proxyType = 1;
			remoteGlobalIDString = C3C947FA292919DE007084FB;
			remoteInfo = "Spotify-Replica";
		};
/* End PBXContainerItemProxy section */

/* Begin PBXFileReference section */
		C3C947FB292919DE007084FB /* Spotify-Replica.app */ = {isa = PBXFileReference; explicitFileType = wrapper.application; includeInIndex = 0; path = "Spotify-Replica.app"; sourceTree = BUILT_PRODUCTS_DIR; };
		C3C947FE292919DE007084FB /* AppDelegate.swift */ = {isa = PBXFileReference; lastKnownFileType = sourcecode.swift; path = AppDelegate.swift; sourceTree = "<group>"; };
		C3C94800292919DE007084FB /* SceneDelegate.swift */ = {isa = PBXFileReference; lastKnownFileType = sourcecode.swift; path = SceneDelegate.swift; sourceTree = "<group>"; };
		C3C94807292919DF007084FB /* Assets.xcassets */ = {isa = PBXFileReference; lastKnownFileType = folder.assetcatalog; path = Assets.xcassets; sourceTree = "<group>"; };
		C3C9480A292919DF007084FB /* Base */ = {isa = PBXFileReference; lastKnownFileType = file.storyboard; name = Base; path = Base.lproj/LaunchScreen.storyboard; sourceTree = "<group>"; };
		C3C9480C292919DF007084FB /* Info.plist */ = {isa = PBXFileReference; lastKnownFileType = text.plist.xml; path = Info.plist; sourceTree = "<group>"; };
		C3C94811292919DF007084FB /* Spotify-ReplicaTests.xctest */ = {isa = PBXFileReference; explicitFileType = wrapper.cfbundle; includeInIndex = 0; path = "Spotify-ReplicaTests.xctest"; sourceTree = BUILT_PRODUCTS_DIR; };
		C3C94815292919DF007084FB /* Spotify_ReplicaTests.swift */ = {isa = PBXFileReference; lastKnownFileType = sourcecode.swift; path = Spotify_ReplicaTests.swift; sourceTree = "<group>"; };
		C3C9481B292919DF007084FB /* Spotify-ReplicaUITests.xctest */ = {isa = PBXFileReference; explicitFileType = wrapper.cfbundle; includeInIndex = 0; path = "Spotify-ReplicaUITests.xctest"; sourceTree = BUILT_PRODUCTS_DIR; };
		C3C9481F292919DF007084FB /* Spotify_ReplicaUITests.swift */ = {isa = PBXFileReference; lastKnownFileType = sourcecode.swift; path = Spotify_ReplicaUITests.swift; sourceTree = "<group>"; };
		C3C94821292919DF007084FB /* Spotify_ReplicaUITestsLaunchTests.swift */ = {isa = PBXFileReference; lastKnownFileType = sourcecode.swift; path = Spotify_ReplicaUITestsLaunchTests.swift; sourceTree = "<group>"; };
		C3C9483129291A90007084FB /* GetStartedVC.swift */ = {isa = PBXFileReference; fileEncoding = 4; lastKnownFileType = sourcecode.swift; path = GetStartedVC.swift; sourceTree = "<group>"; };
		C3C9483329291AD5007084FB /* AppImages.swift */ = {isa = PBXFileReference; fileEncoding = 4; lastKnownFileType = sourcecode.swift; path = AppImages.swift; sourceTree = "<group>"; };
		C3C9483629291CB7007084FB /* SpotifyButton.swift */ = {isa = PBXFileReference; lastKnownFileType = sourcecode.swift; path = SpotifyButton.swift; sourceTree = "<group>"; };
		C3C9483829291D4C007084FB /* AppColor.swift */ = {isa = PBXFileReference; lastKnownFileType = sourcecode.swift; path = AppColor.swift; sourceTree = "<group>"; };
		C3C9483B29294777007084FB /* Extension+UIView.swift */ = {isa = PBXFileReference; lastKnownFileType = sourcecode.swift; path = "Extension+UIView.swift"; sourceTree = "<group>"; };
		C3C9483D29294C25007084FB /* ChooseModeVC.swift */ = {isa = PBXFileReference; lastKnownFileType = sourcecode.swift; path = ChooseModeVC.swift; sourceTree = "<group>"; };
/* End PBXFileReference section */

/* Begin PBXFrameworksBuildPhase section */
		C3C947F8292919DE007084FB /* Frameworks */ = {
			isa = PBXFrameworksBuildPhase;
			buildActionMask = 2147483647;
			files = (
			);
			runOnlyForDeploymentPostprocessing = 0;
		};
		C3C9480E292919DF007084FB /* Frameworks */ = {
			isa = PBXFrameworksBuildPhase;
			buildActionMask = 2147483647;
			files = (
			);
			runOnlyForDeploymentPostprocessing = 0;
		};
		C3C94818292919DF007084FB /* Frameworks */ = {
			isa = PBXFrameworksBuildPhase;
			buildActionMask = 2147483647;
			files = (
			);
			runOnlyForDeploymentPostprocessing = 0;
		};
/* End PBXFrameworksBuildPhase section */

/* Begin PBXGroup section */
		C3C947F2292919DE007084FB = {
			isa = PBXGroup;
			children = (
				C3C947FD292919DE007084FB /* Spotify-Replica */,
				C3C94814292919DF007084FB /* Spotify-ReplicaTests */,
				C3C9481E292919DF007084FB /* Spotify-ReplicaUITests */,
				C3C947FC292919DE007084FB /* Products */,
			);
			sourceTree = "<group>";
		};
		C3C947FC292919DE007084FB /* Products */ = {
			isa = PBXGroup;
			children = (
				C3C947FB292919DE007084FB /* Spotify-Replica.app */,
				C3C94811292919DF007084FB /* Spotify-ReplicaTests.xctest */,
				C3C9481B292919DF007084FB /* Spotify-ReplicaUITests.xctest */,
			);
			name = Products;
			sourceTree = "<group>";
		};
		C3C947FD292919DE007084FB /* Spotify-Replica */ = {
			isa = PBXGroup;
			children = (
				C3C9483A2929475E007084FB /* Extensions */,
				C3C9483529291C98007084FB /* UIHelperClass */,
				C3C9483029291A52007084FB /* Resources */,
				C3C9482F29291A44007084FB /* Scenes */,
				C3C9482E29291A2B007084FB /* Application */,
				C3C94809292919DF007084FB /* LaunchScreen.storyboard */,
			);
			path = "Spotify-Replica";
			sourceTree = "<group>";
		};
		C3C94814292919DF007084FB /* Spotify-ReplicaTests */ = {
			isa = PBXGroup;
			children = (
				C3C94815292919DF007084FB /* Spotify_ReplicaTests.swift */,
			);
			path = "Spotify-ReplicaTests";
			sourceTree = "<group>";
		};
		C3C9481E292919DF007084FB /* Spotify-ReplicaUITests */ = {
			isa = PBXGroup;
			children = (
				C3C9481F292919DF007084FB /* Spotify_ReplicaUITests.swift */,
				C3C94821292919DF007084FB /* Spotify_ReplicaUITestsLaunchTests.swift */,
			);
			path = "Spotify-ReplicaUITests";
			sourceTree = "<group>";
		};
		C3C9482E29291A2B007084FB /* Application */ = {
			isa = PBXGroup;
			children = (
				C3C947FE292919DE007084FB /* AppDelegate.swift */,
				C3C94800292919DE007084FB /* SceneDelegate.swift */,
			);
			path = Application;
			sourceTree = "<group>";
		};
		C3C9482F29291A44007084FB /* Scenes */ = {
			isa = PBXGroup;
			children = (
				C3C9483129291A90007084FB /* GetStartedVC.swift */,
				C3C9483D29294C25007084FB /* ChooseModeVC.swift */,
			);
			path = Scenes;
			sourceTree = "<group>";
		};
		C3C9483029291A52007084FB /* Resources */ = {
			isa = PBXGroup;
			children = (
				C3C9483329291AD5007084FB /* AppImages.swift */,
				C3C9483829291D4C007084FB /* AppColor.swift */,
				C3C9480C292919DF007084FB /* Info.plist */,
				C3C94807292919DF007084FB /* Assets.xcassets */,
			);
			path = Resources;
			sourceTree = "<group>";
		};
		C3C9483529291C98007084FB /* UIHelperClass */ = {
			isa = PBXGroup;
			children = (
				C3C9483629291CB7007084FB /* SpotifyButton.swift */,
			);
			path = UIHelperClass;
			sourceTree = "<group>";
		};
		C3C9483A2929475E007084FB /* Extensions */ = {
			isa = PBXGroup;
			children = (
				C3C9483B29294777007084FB /* Extension+UIView.swift */,
			);
			path = Extensions;
			sourceTree = "<group>";
		};
/* End PBXGroup section */

/* Begin PBXNativeTarget section */
		C3C947FA292919DE007084FB /* Spotify-Replica */ = {
			isa = PBXNativeTarget;
			buildConfigurationList = C3C94825292919DF007084FB /* Build configuration list for PBXNativeTarget "Spotify-Replica" */;
			buildPhases = (
				C3C947F7292919DE007084FB /* Sources */,
				C3C947F8292919DE007084FB /* Frameworks */,
				C3C947F9292919DE007084FB /* Resources */,
			);
			buildRules = (
			);
			dependencies = (
			);
			name = "Spotify-Replica";
			productName = "Spotify-Replica";
			productReference = C3C947FB292919DE007084FB /* Spotify-Replica.app */;
			productType = "com.apple.product-type.application";
		};
		C3C94810292919DF007084FB /* Spotify-ReplicaTests */ = {
			isa = PBXNativeTarget;
			buildConfigurationList = C3C94828292919DF007084FB /* Build configuration list for PBXNativeTarget "Spotify-ReplicaTests" */;
			buildPhases = (
				C3C9480D292919DF007084FB /* Sources */,
				C3C9480E292919DF007084FB /* Frameworks */,
				C3C9480F292919DF007084FB /* Resources */,
			);
			buildRules = (
			);
			dependencies = (
				C3C94813292919DF007084FB /* PBXTargetDependency */,
			);
			name = "Spotify-ReplicaTests";
			productName = "Spotify-ReplicaTests";
			productReference = C3C94811292919DF007084FB /* Spotify-ReplicaTests.xctest */;
			productType = "com.apple.product-type.bundle.unit-test";
		};
		C3C9481A292919DF007084FB /* Spotify-ReplicaUITests */ = {
			isa = PBXNativeTarget;
			buildConfigurationList = C3C9482B292919DF007084FB /* Build configuration list for PBXNativeTarget "Spotify-ReplicaUITests" */;
			buildPhases = (
				C3C94817292919DF007084FB /* Sources */,
				C3C94818292919DF007084FB /* Frameworks */,
				C3C94819292919DF007084FB /* Resources */,
			);
			buildRules = (
			);
			dependencies = (
				C3C9481D292919DF007084FB /* PBXTargetDependency */,
			);
			name = "Spotify-ReplicaUITests";
			productName = "Spotify-ReplicaUITests";
			productReference = C3C9481B292919DF007084FB /* Spotify-ReplicaUITests.xctest */;
			productType = "com.apple.product-type.bundle.ui-testing";
		};
/* End PBXNativeTarget section */

/* Begin PBXProject section */
		C3C947F3292919DE007084FB /* Project object */ = {
			isa = PBXProject;
			attributes = {
				BuildIndependentTargetsInParallel = 1;
				LastSwiftUpdateCheck = 1410;
				LastUpgradeCheck = 1410;
				TargetAttributes = {
					C3C947FA292919DE007084FB = {
						CreatedOnToolsVersion = 14.1;
					};
					C3C94810292919DF007084FB = {
						CreatedOnToolsVersion = 14.1;
						TestTargetID = C3C947FA292919DE007084FB;
					};
					C3C9481A292919DF007084FB = {
						CreatedOnToolsVersion = 14.1;
						TestTargetID = C3C947FA292919DE007084FB;
					};
				};
			};
			buildConfigurationList = C3C947F6292919DE007084FB /* Build configuration list for PBXProject "Spotify-Replica" */;
			compatibilityVersion = "Xcode 14.0";
			developmentRegion = en;
			hasScannedForEncodings = 0;
			knownRegions = (
				en,
				Base,
			);
			mainGroup = C3C947F2292919DE007084FB;
			productRefGroup = C3C947FC292919DE007084FB /* Products */;
			projectDirPath = "";
			projectRoot = "";
			targets = (
				C3C947FA292919DE007084FB /* Spotify-Replica */,
				C3C94810292919DF007084FB /* Spotify-ReplicaTests */,
				C3C9481A292919DF007084FB /* Spotify-ReplicaUITests */,
			);
		};
/* End PBXProject section */

/* Begin PBXResourcesBuildPhase section */
		C3C947F9292919DE007084FB /* Resources */ = {
			isa = PBXResourcesBuildPhase;
			buildActionMask = 2147483647;
			files = (
				C3C9480B292919DF007084FB /* LaunchScreen.storyboard in Resources */,
				C3C94808292919DF007084FB /* Assets.xcassets in Resources */,
			);
			runOnlyForDeploymentPostprocessing = 0;
		};
		C3C9480F292919DF007084FB /* Resources */ = {
			isa = PBXResourcesBuildPhase;
			buildActionMask = 2147483647;
			files = (
			);
			runOnlyForDeploymentPostprocessing = 0;
		};
		C3C94819292919DF007084FB /* Resources */ = {
			isa = PBXResourcesBuildPhase;
			buildActionMask = 2147483647;
			files = (
			);
			runOnlyForDeploymentPostprocessing = 0;
		};
/* End PBXResourcesBuildPhase section */

/* Begin PBXSourcesBuildPhase section */
		C3C947F7292919DE007084FB /* Sources */ = {
			isa = PBXSourcesBuildPhase;
			buildActionMask = 2147483647;
			files = (
				C3C9483C29294777007084FB /* Extension+UIView.swift in Sources */,
				C3C9483229291A90007084FB /* GetStartedVC.swift in Sources */,
				C3C9483429291AD5007084FB /* AppImages.swift in Sources */,
				C3C9483729291CB7007084FB /* SpotifyButton.swift in Sources */,
				C3C9483E29294C25007084FB /* ChooseModeVC.swift in Sources */,
				C3C947FF292919DE007084FB /* AppDelegate.swift in Sources */,
				C3C94801292919DE007084FB /* SceneDelegate.swift in Sources */,
				C3C9483929291D4C007084FB /* AppColor.swift in Sources */,
			);
			runOnlyForDeploymentPostprocessing = 0;
		};
		C3C9480D292919DF007084FB /* Sources */ = {
			isa = PBXSourcesBuildPhase;
			buildActionMask = 2147483647;
			files = (
				C3C94816292919DF007084FB /* Spotify_ReplicaTests.swift in Sources */,
			);
			runOnlyForDeploymentPostprocessing = 0;
		};
		C3C94817292919DF007084FB /* Sources */ = {
			isa = PBXSourcesBuildPhase;
			buildActionMask = 2147483647;
			files = (
				C3C94822292919DF007084FB /* Spotify_ReplicaUITestsLaunchTests.swift in Sources */,
				C3C94820292919DF007084FB /* Spotify_ReplicaUITests.swift in Sources */,
			);
			runOnlyForDeploymentPostprocessing = 0;
		};
/* End PBXSourcesBuildPhase section */

/* Begin PBXTargetDependency section */
		C3C94813292919DF007084FB /* PBXTargetDependency */ = {
			isa = PBXTargetDependency;
			target = C3C947FA292919DE007084FB /* Spotify-Replica */;
			targetProxy = C3C94812292919DF007084FB /* PBXContainerItemProxy */;
		};
		C3C9481D292919DF007084FB /* PBXTargetDependency */ = {
			isa = PBXTargetDependency;
			target = C3C947FA292919DE007084FB /* Spotify-Replica */;
			targetProxy = C3C9481C292919DF007084FB /* PBXContainerItemProxy */;
		};
/* End PBXTargetDependency section */

/* Begin PBXVariantGroup section */
		C3C94809292919DF007084FB /* LaunchScreen.storyboard */ = {
			isa = PBXVariantGroup;
			children = (
				C3C9480A292919DF007084FB /* Base */,
			);
			name = LaunchScreen.storyboard;
			sourceTree = "<group>";
		};
/* End PBXVariantGroup section */

/* Begin XCBuildConfiguration section */
		C3C94823292919DF007084FB /* Debug */ = {
			isa = XCBuildConfiguration;
			buildSettings = {
				ALWAYS_SEARCH_USER_PATHS = NO;
				CLANG_ANALYZER_NONNULL = YES;
				CLANG_ANALYZER_NUMBER_OBJECT_CONVERSION = YES_AGGRESSIVE;
				CLANG_CXX_LANGUAGE_STANDARD = "gnu++20";
				CLANG_ENABLE_MODULES = YES;
				CLANG_ENABLE_OBJC_ARC = YES;
				CLANG_ENABLE_OBJC_WEAK = YES;
				CLANG_WARN_BLOCK_CAPTURE_AUTORELEASING = YES;
				CLANG_WARN_BOOL_CONVERSION = YES;
				CLANG_WARN_COMMA = YES;
				CLANG_WARN_CONSTANT_CONVERSION = YES;
				CLANG_WARN_DEPRECATED_OBJC_IMPLEMENTATIONS = YES;
				CLANG_WARN_DIRECT_OBJC_ISA_USAGE = YES_ERROR;
				CLANG_WARN_DOCUMENTATION_COMMENTS = YES;
				CLANG_WARN_EMPTY_BODY = YES;
				CLANG_WARN_ENUM_CONVERSION = YES;
				CLANG_WARN_INFINITE_RECURSION = YES;
				CLANG_WARN_INT_CONVERSION = YES;
				CLANG_WARN_NON_LITERAL_NULL_CONVERSION = YES;
				CLANG_WARN_OBJC_IMPLICIT_RETAIN_SELF = YES;
				CLANG_WARN_OBJC_LITERAL_CONVERSION = YES;
				CLANG_WARN_OBJC_ROOT_CLASS = YES_ERROR;
				CLANG_WARN_QUOTED_INCLUDE_IN_FRAMEWORK_HEADER = YES;
				CLANG_WARN_RANGE_LOOP_ANALYSIS = YES;
				CLANG_WARN_STRICT_PROTOTYPES = YES;
				CLANG_WARN_SUSPICIOUS_MOVE = YES;
				CLANG_WARN_UNGUARDED_AVAILABILITY = YES_AGGRESSIVE;
				CLANG_WARN_UNREACHABLE_CODE = YES;
				CLANG_WARN__DUPLICATE_METHOD_MATCH = YES;
				COPY_PHASE_STRIP = NO;
				DEBUG_INFORMATION_FORMAT = dwarf;
				ENABLE_STRICT_OBJC_MSGSEND = YES;
				ENABLE_TESTABILITY = YES;
				GCC_C_LANGUAGE_STANDARD = gnu11;
				GCC_DYNAMIC_NO_PIC = NO;
				GCC_NO_COMMON_BLOCKS = YES;
				GCC_OPTIMIZATION_LEVEL = 0;
				GCC_PREPROCESSOR_DEFINITIONS = (
					"DEBUG=1",
					"$(inherited)",
				);
				GCC_WARN_64_TO_32_BIT_CONVERSION = YES;
				GCC_WARN_ABOUT_RETURN_TYPE = YES_ERROR;
				GCC_WARN_UNDECLARED_SELECTOR = YES;
				GCC_WARN_UNINITIALIZED_AUTOS = YES_AGGRESSIVE;
				GCC_WARN_UNUSED_FUNCTION = YES;
				GCC_WARN_UNUSED_VARIABLE = YES;
				IPHONEOS_DEPLOYMENT_TARGET = 16.1;
				MTL_ENABLE_DEBUG_INFO = INCLUDE_SOURCE;
				MTL_FAST_MATH = YES;
				ONLY_ACTIVE_ARCH = YES;
				SDKROOT = iphoneos;
				SWIFT_ACTIVE_COMPILATION_CONDITIONS = DEBUG;
				SWIFT_OPTIMIZATION_LEVEL = "-Onone";
			};
			name = Debug;
		};
		C3C94824292919DF007084FB /* Release */ = {
			isa = XCBuildConfiguration;
			buildSettings = {
				ALWAYS_SEARCH_USER_PATHS = NO;
				CLANG_ANALYZER_NONNULL = YES;
				CLANG_ANALYZER_NUMBER_OBJECT_CONVERSION = YES_AGGRESSIVE;
				CLANG_CXX_LANGUAGE_STANDARD = "gnu++20";
				CLANG_ENABLE_MODULES = YES;
				CLANG_ENABLE_OBJC_ARC = YES;
				CLANG_ENABLE_OBJC_WEAK = YES;
				CLANG_WARN_BLOCK_CAPTURE_AUTORELEASING = YES;
				CLANG_WARN_BOOL_CONVERSION = YES;
				CLANG_WARN_COMMA = YES;
				CLANG_WARN_CONSTANT_CONVERSION = YES;
				CLANG_WARN_DEPRECATED_OBJC_IMPLEMENTATIONS = YES;
				CLANG_WARN_DIRECT_OBJC_ISA_USAGE = YES_ERROR;
				CLANG_WARN_DOCUMENTATION_COMMENTS = YES;
				CLANG_WARN_EMPTY_BODY = YES;
				CLANG_WARN_ENUM_CONVERSION = YES;
				CLANG_WARN_INFINITE_RECURSION = YES;
				CLANG_WARN_INT_CONVERSION = YES;
				CLANG_WARN_NON_LITERAL_NULL_CONVERSION = YES;
				CLANG_WARN_OBJC_IMPLICIT_RETAIN_SELF = YES;
				CLANG_WARN_OBJC_LITERAL_CONVERSION = YES;
				CLANG_WARN_OBJC_ROOT_CLASS = YES_ERROR;
				CLANG_WARN_QUOTED_INCLUDE_IN_FRAMEWORK_HEADER = YES;
				CLANG_WARN_RANGE_LOOP_ANALYSIS = YES;
				CLANG_WARN_STRICT_PROTOTYPES = YES;
				CLANG_WARN_SUSPICIOUS_MOVE = YES;
				CLANG_WARN_UNGUARDED_AVAILABILITY = YES_AGGRESSIVE;
				CLANG_WARN_UNREACHABLE_CODE = YES;
				CLANG_WARN__DUPLICATE_METHOD_MATCH = YES;
				COPY_PHASE_STRIP = NO;
				DEBUG_INFORMATION_FORMAT = "dwarf-with-dsym";
				ENABLE_NS_ASSERTIONS = NO;
				ENABLE_STRICT_OBJC_MSGSEND = YES;
				GCC_C_LANGUAGE_STANDARD = gnu11;
				GCC_NO_COMMON_BLOCKS = YES;
				GCC_WARN_64_TO_32_BIT_CONVERSION = YES;
				GCC_WARN_ABOUT_RETURN_TYPE = YES_ERROR;
				GCC_WARN_UNDECLARED_SELECTOR = YES;
				GCC_WARN_UNINITIALIZED_AUTOS = YES_AGGRESSIVE;
				GCC_WARN_UNUSED_FUNCTION = YES;
				GCC_WARN_UNUSED_VARIABLE = YES;
				IPHONEOS_DEPLOYMENT_TARGET = 16.1;
				MTL_ENABLE_DEBUG_INFO = NO;
				MTL_FAST_MATH = YES;
				SDKROOT = iphoneos;
				SWIFT_COMPILATION_MODE = wholemodule;
				SWIFT_OPTIMIZATION_LEVEL = "-O";
				VALIDATE_PRODUCT = YES;
			};
			name = Release;
		};
		C3C94826292919DF007084FB /* Debug */ = {
			isa = XCBuildConfiguration;
			buildSettings = {
				ASSETCATALOG_COMPILER_APPICON_NAME = AppIcon;
				ASSETCATALOG_COMPILER_GLOBAL_ACCENT_COLOR_NAME = AccentColor;
				CODE_SIGN_STYLE = Automatic;
				CURRENT_PROJECT_VERSION = 1;
				GENERATE_INFOPLIST_FILE = YES;
				INFOPLIST_FILE = "Spotify-Replica/Resources/Info.plist";
				INFOPLIST_KEY_UIApplicationSupportsIndirectInputEvents = YES;
				INFOPLIST_KEY_UILaunchStoryboardName = LaunchScreen;
				INFOPLIST_KEY_UISupportedInterfaceOrientations_iPad = "UIInterfaceOrientationPortrait UIInterfaceOrientationPortraitUpsideDown UIInterfaceOrientationLandscapeLeft UIInterfaceOrientationLandscapeRight";
				INFOPLIST_KEY_UISupportedInterfaceOrientations_iPhone = "UIInterfaceOrientationPortrait UIInterfaceOrientationLandscapeLeft UIInterfaceOrientationLandscapeRight";
				LD_RUNPATH_SEARCH_PATHS = (
					"$(inherited)",
					"@executable_path/Frameworks",
				);
				MARKETING_VERSION = 1.0;
				PRODUCT_BUNDLE_IDENTIFIER = "com.Spotify-Replica";
				PRODUCT_NAME = "$(TARGET_NAME)";
				SWIFT_EMIT_LOC_STRINGS = YES;
				SWIFT_VERSION = 5.0;
				TARGETED_DEVICE_FAMILY = "1,2";
			};
			name = Debug;
		};
		C3C94827292919DF007084FB /* Release */ = {
			isa = XCBuildConfiguration;
			buildSettings = {
				ASSETCATALOG_COMPILER_APPICON_NAME = AppIcon;
				ASSETCATALOG_COMPILER_GLOBAL_ACCENT_COLOR_NAME = AccentColor;
				CODE_SIGN_STYLE = Automatic;
				CURRENT_PROJECT_VERSION = 1;
				GENERATE_INFOPLIST_FILE = YES;
				INFOPLIST_FILE = "Spotify-Replica/Resources/Info.plist";
				INFOPLIST_KEY_UIApplicationSupportsIndirectInputEvents = YES;
				INFOPLIST_KEY_UILaunchStoryboardName = LaunchScreen;
				INFOPLIST_KEY_UISupportedInterfaceOrientations_iPad = "UIInterfaceOrientationPortrait UIInterfaceOrientationPortraitUpsideDown UIInterfaceOrientationLandscapeLeft UIInterfaceOrientationLandscapeRight";
				INFOPLIST_KEY_UISupportedInterfaceOrientations_iPhone = "UIInterfaceOrientationPortrait UIInterfaceOrientationLandscapeLeft UIInterfaceOrientationLandscapeRight";
				LD_RUNPATH_SEARCH_PATHS = (
					"$(inherited)",
					"@executable_path/Frameworks",
				);
				MARKETING_VERSION = 1.0;
				PRODUCT_BUNDLE_IDENTIFIER = "com.Spotify-Replica";
				PRODUCT_NAME = "$(TARGET_NAME)";
				SWIFT_EMIT_LOC_STRINGS = YES;
				SWIFT_VERSION = 5.0;
				TARGETED_DEVICE_FAMILY = "1,2";
			};
			name = Release;
		};
		C3C94829292919DF007084FB /* Debug */ = {
			isa = XCBuildConfiguration;
			buildSettings = {
				ALWAYS_EMBED_SWIFT_STANDARD_LIBRARIES = YES;
				BUNDLE_LOADER = "$(TEST_HOST)";
				CODE_SIGN_STYLE = Automatic;
				CURRENT_PROJECT_VERSION = 1;
				GENERATE_INFOPLIST_FILE = YES;
				IPHONEOS_DEPLOYMENT_TARGET = 16.1;
				MARKETING_VERSION = 1.0;
				PRODUCT_BUNDLE_IDENTIFIER = "com.Spotify-ReplicaTests";
				PRODUCT_NAME = "$(TARGET_NAME)";
				SWIFT_EMIT_LOC_STRINGS = NO;
				SWIFT_VERSION = 5.0;
				TARGETED_DEVICE_FAMILY = "1,2";
				TEST_HOST = "$(BUILT_PRODUCTS_DIR)/Spotify-Replica.app/$(BUNDLE_EXECUTABLE_FOLDER_PATH)/Spotify-Replica";
			};
			name = Debug;
		};
		C3C9482A292919DF007084FB /* Release */ = {
			isa = XCBuildConfiguration;
			buildSettings = {
				ALWAYS_EMBED_SWIFT_STANDARD_LIBRARIES = YES;
				BUNDLE_LOADER = "$(TEST_HOST)";
				CODE_SIGN_STYLE = Automatic;
				CURRENT_PROJECT_VERSION = 1;
				GENERATE_INFOPLIST_FILE = YES;
				IPHONEOS_DEPLOYMENT_TARGET = 16.1;
				MARKETING_VERSION = 1.0;
				PRODUCT_BUNDLE_IDENTIFIER = "com.Spotify-ReplicaTests";
				PRODUCT_NAME = "$(TARGET_NAME)";
				SWIFT_EMIT_LOC_STRINGS = NO;
				SWIFT_VERSION = 5.0;
				TARGETED_DEVICE_FAMILY = "1,2";
				TEST_HOST = "$(BUILT_PRODUCTS_DIR)/Spotify-Replica.app/$(BUNDLE_EXECUTABLE_FOLDER_PATH)/Spotify-Replica";
			};
			name = Release;
		};
		C3C9482C292919DF007084FB /* Debug */ = {
			isa = XCBuildConfiguration;
			buildSettings = {
				ALWAYS_EMBED_SWIFT_STANDARD_LIBRARIES = YES;
				CODE_SIGN_STYLE = Automatic;
				CURRENT_PROJECT_VERSION = 1;
				GENERATE_INFOPLIST_FILE = YES;
				MARKETING_VERSION = 1.0;
				PRODUCT_BUNDLE_IDENTIFIER = "com.Spotify-ReplicaUITests";
				PRODUCT_NAME = "$(TARGET_NAME)";
				SWIFT_EMIT_LOC_STRINGS = NO;
				SWIFT_VERSION = 5.0;
				TARGETED_DEVICE_FAMILY = "1,2";
				TEST_TARGET_NAME = "Spotify-Replica";
			};
			name = Debug;
		};
		C3C9482D292919DF007084FB /* Release */ = {
			isa = XCBuildConfiguration;
			buildSettings = {
				ALWAYS_EMBED_SWIFT_STANDARD_LIBRARIES = YES;
				CODE_SIGN_STYLE = Automatic;
				CURRENT_PROJECT_VERSION = 1;
				GENERATE_INFOPLIST_FILE = YES;
				MARKETING_VERSION = 1.0;
				PRODUCT_BUNDLE_IDENTIFIER = "com.Spotify-ReplicaUITests";
				PRODUCT_NAME = "$(TARGET_NAME)";
				SWIFT_EMIT_LOC_STRINGS = NO;
				SWIFT_VERSION = 5.0;
				TARGETED_DEVICE_FAMILY = "1,2";
				TEST_TARGET_NAME = "Spotify-Replica";
			};
			name = Release;
		};
/* End XCBuildConfiguration section */

/* Begin XCConfigurationList section */
		C3C947F6292919DE007084FB /* Build configuration list for PBXProject "Spotify-Replica" */ = {
			isa = XCConfigurationList;
			buildConfigurations = (
				C3C94823292919DF007084FB /* Debug */,
				C3C94824292919DF007084FB /* Release */,
			);
			defaultConfigurationIsVisible = 0;
			defaultConfigurationName = Release;
		};
		C3C94825292919DF007084FB /* Build configuration list for PBXNativeTarget "Spotify-Replica" */ = {
			isa = XCConfigurationList;
			buildConfigurations = (
				C3C94826292919DF007084FB /* Debug */,
				C3C94827292919DF007084FB /* Release */,
			);
			defaultConfigurationIsVisible = 0;
			defaultConfigurationName = Release;
		};
		C3C94828292919DF007084FB /* Build configuration list for PBXNativeTarget "Spotify-ReplicaTests" */ = {
			isa = XCConfigurationList;
			buildConfigurations = (
				C3C94829292919DF007084FB /* Debug */,
				C3C9482A292919DF007084FB /* Release */,
			);
			defaultConfigurationIsVisible = 0;
			defaultConfigurationName = Release;
		};
		C3C9482B292919DF007084FB /* Build configuration list for PBXNativeTarget "Spotify-ReplicaUITests" */ = {
			isa = XCConfigurationList;
			buildConfigurations = (
				C3C9482C292919DF007084FB /* Debug */,
				C3C9482D292919DF007084FB /* Release */,
			);
			defaultConfigurationIsVisible = 0;
			defaultConfigurationName = Release;
		};
/* End XCConfigurationList section */
	};
	rootObject = C3C947F3292919DE007084FB /* Project object */;
}
